
Microsoft Visual Studio Solution File, Format Version 12.00
# Visual Studio 15
VisualStudioVersion = 15.0.28307.1082
MinimumVisualStudioVersion = 10.0.40219.1
Project("{FAE04EC0-301F-11D3-BF4B-00C04F79EFBC}") = "Exam__", "Exam__\Exam__.csproj", "{125CDA11-5B93-4166-8757-5C191F882987}"
EndProject
Global
	GlobalSection(SolutionConfigurationPlatforms) = preSolution
		Debug|Any CPU = Debug|Any CPU
		Release|Any CPU = Release|Any CPU
	EndGlobalSection
	GlobalSection(ProjectConfigurationPlatforms) = postSolution
		{125CDA11-5B93-4166-8757-5C191F882987}.Debug|Any CPU.ActiveCfg = Debug|Any CPU
		{125CDA11-5B93-4166-8757-5C191F882987}.Debug|Any CPU.Build.0 = Debug|Any CPU
		{125CDA11-5B93-4166-8757-5C191F882987}.Release|Any CPU.ActiveCfg = Release|Any CPU
		{125CDA11-5B93-4166-8757-5C191F882987}.Release|Any CPU.Build.0 = Release|Any CPU
	EndGlobalSection
	GlobalSection(SolutionProperties) = preSolution
		HideSolutionNode = FALSE
	EndGlobalSection
	GlobalSection(ExtensibilityGlobals) = postSolution
		SolutionGuid = {BF538926-FDFC-4014-A276-4AE819D5FC17}
	EndGlobalSection
EndGlobal
